
Microsoft Visual Studio Solution File, Format Version 12.00
# Visual Studio Version 16
VisualStudioVersion = 16.0.30225.117
MinimumVisualStudioVersion = 10.0.40219.1
Project("{FAE04EC0-301F-11D3-BF4B-00C04F79EFBC}") = "GremlinORM", "src\GremlinORM\GremlinORM.csproj", "{CC43752F-AE6E-4060-A59D-AB0A09DD43B5}"
EndProject
Project("{FAE04EC0-301F-11D3-BF4B-00C04F79EFBC}") = "GremlinORMSample", "sample\GremlinORMSample\GremlinORMSample.csproj", "{970FFE25-D0EC-432E-AE5D-D812FB49EBB5}"
EndProject
Global
	GlobalSection(SolutionConfigurationPlatforms) = preSolution
		Debug|Any CPU = Debug|Any CPU
		Release|Any CPU = Release|Any CPU
	EndGlobalSection
	GlobalSection(ProjectConfigurationPlatforms) = postSolution
		{CC43752F-AE6E-4060-A59D-AB0A09DD43B5}.Debug|Any CPU.ActiveCfg = Debug|Any CPU
		{CC43752F-AE6E-4060-A59D-AB0A09DD43B5}.Debug|Any CPU.Build.0 = Debug|Any CPU
		{CC43752F-AE6E-4060-A59D-AB0A09DD43B5}.Release|Any CPU.ActiveCfg = Release|Any CPU
		{CC43752F-AE6E-4060-A59D-AB0A09DD43B5}.Release|Any CPU.Build.0 = Release|Any CPU
		{970FFE25-D0EC-432E-AE5D-D812FB49EBB5}.Debug|Any CPU.ActiveCfg = Debug|Any CPU
		{970FFE25-D0EC-432E-AE5D-D812FB49EBB5}.Debug|Any CPU.Build.0 = Debug|Any CPU
		{970FFE25-D0EC-432E-AE5D-D812FB49EBB5}.Release|Any CPU.ActiveCfg = Release|Any CPU
		{970FFE25-D0EC-432E-AE5D-D812FB49EBB5}.Release|Any CPU.Build.0 = Release|Any CPU
	EndGlobalSection
	GlobalSection(SolutionProperties) = preSolution
		HideSolutionNode = FALSE
	EndGlobalSection
	GlobalSection(ExtensibilityGlobals) = postSolution
		SolutionGuid = {6C023EAF-EF12-4FAF-BD34-D811B2A110D0}
	EndGlobalSection
EndGlobal
